{
  "name": "ai-engineering-platform-orchestration-core",
  "version": "0.2.0",
  "lockfileVersion": 3,
  "requires": true,
  "packages": {
    "": {
      "name": "ai-engineering-platform-orchestration-core",
      "version": "0.2.0",
      "engines": {
        "node": ">=20.0.0"
      }
    }
  }
}
